# THIS IS AN AUTOGENERATED FILE. DO NOT EDIT THIS FILE DIRECTLY.
# yarn lockfile v1


"@terascope/data-access@^0.7.0":
  version "0.7.0"
  resolved "https://registry.yarnpkg.com/@terascope/data-access/-/data-access-0.7.0.tgz#ac2569ab8ddcf3b9c64446f218007cbbe1c8beb2"
  integrity sha512-Eho6vOIcDohT4+wOdIzCNwrFPVClTlYjEqJT+8DpHgYl60Or8gByPNTiQfDUlI8fyg0Tknf+1MtnTcA45cPEzQ==
  dependencies:
    "@terascope/utils" "^0.10.1"
    elasticsearch-store "^0.6.2"
    xlucene-evaluator "^0.8.0"

"@terascope/error-parser@^1.0.2":
  version "1.0.2"
  resolved "https://registry.yarnpkg.com/@terascope/error-parser/-/error-parser-1.0.2.tgz#89c44bf9a7c53fcdafaf7d588aa540e52db3f210"
  integrity sha512-ib4B4OV4nxKfcqfD569MgKVOIbcqjU1AC3rXcoMInKJN3RxAfF0Qo1moHHZefNAfjS3Jb24FWk6rx51lomNCYA==
  dependencies:
    lodash.get "^4.4.2"

"@terascope/utils@^0.10.0", "@terascope/utils@^0.10.1":
  version "0.10.1"
  resolved "https://registry.yarnpkg.com/@terascope/utils/-/utils-0.10.1.tgz#83996d44c6ae89063cc2ac883dd510e6d573b421"
  integrity sha512-u0P7MVyFlLhE1cjSWcibYa8Qn0GCkUHtVNdRG0IUeFOvi6EgCn4E39oiZqm1eI9mFYQ0PRjUs6ohOm+2Br2HRw==
  dependencies:
    debug "^4.1.1"
    is-plain-object "^2.0.4"
    kind-of "^6.0.2"
    lodash.clonedeep "^4.5.0"
    lodash.get "^4.4.2"
    lodash.set "^4.3.2"

"@turf/bbox-polygon@^6.0.1":
  version "6.0.1"
  resolved "https://registry.yarnpkg.com/@turf/bbox-polygon/-/bbox-polygon-6.0.1.tgz#ae0fbb14558831fb34538aae089a23d3336c6379"
  integrity sha512-f6BK6GOzUNjmJeOYHklk/5LNcQMQbo51gvAM10dTM5IqzKP01KM5bgV88uOKfSZB0HRQVpaRV1tgXk2bg5cPRg==
  dependencies:
    "@turf/helpers" "6.x"

"@turf/bbox@^6.0.1":
  version "6.0.1"
  resolved "https://registry.yarnpkg.com/@turf/bbox/-/bbox-6.0.1.tgz#b966075771475940ee1c16be2a12cf389e6e923a"
  integrity sha512-EGgaRLettBG25Iyx7VyUINsPpVj1x3nFQFiGS3ER8KCI1MximzNLsam3eXRabqQDjyAKyAE1bJ4EZEpGvspQxw==
  dependencies:
    "@turf/helpers" "6.x"
    "@turf/meta" "6.x"

"@turf/boolean-point-in-polygon@^6.0.1":
  version "6.0.1"
  resolved "https://registry.yarnpkg.com/@turf/boolean-point-in-polygon/-/boolean-point-in-polygon-6.0.1.tgz#5836677afd77d2ee391af0056a0c29b660edfa32"
  integrity sha512-FKLOZ124vkJhjzNSDcqpwp2NvfnsbYoUOt5iAE7uskt4svix5hcjIEgX9sELFTJpbLGsD1mUbKdfns8tZxcMNg==
  dependencies:
    "@turf/helpers" "6.x"
    "@turf/invariant" "6.x"

"@turf/circle@^6.0.1":
  version "6.0.1"
  resolved "https://registry.yarnpkg.com/@turf/circle/-/circle-6.0.1.tgz#0ab72083373ae3c76b700c17a504ab1b5c0910b9"
  integrity sha512-pF9XsYtCvY9ZyNqJ3hFYem9VaiGdVNQb0SFq/zzDMwH3iWZPPJQHnnDB/3e8RD1VDtBBov9p5uO2k7otsfezjw==
  dependencies:
    "@turf/destination" "6.x"
    "@turf/helpers" "6.x"

"@turf/destination@6.x":
  version "6.0.1"
  resolved "https://registry.yarnpkg.com/@turf/destination/-/destination-6.0.1.tgz#5275887fa96ec463f44864a2c17f0b712361794a"
  integrity sha512-MroK4nRdp7as174miCAugp8Uvorhe6rZ7MJiC9Hb4+hZR7gNFJyVKmkdDDXIoCYs6MJQsx0buI+gsCpKwgww0Q==
  dependencies:
    "@turf/helpers" "6.x"
    "@turf/invariant" "6.x"

"@turf/helpers@6.x", "@turf/helpers@^6.1.4":
  version "6.1.4"
  resolved "https://registry.yarnpkg.com/@turf/helpers/-/helpers-6.1.4.tgz#d6fd7ebe6782dd9c87dca5559bda5c48ae4c3836"
  integrity sha512-vJvrdOZy1ngC7r3MDA7zIGSoIgyrkWcGnNIEaqn/APmw+bVLF2gAW7HIsdTxd12s5wQMqEpqIQrmrbRRZ0xC7g==

"@turf/invariant@6.x":
  version "6.1.2"
  resolved "https://registry.yarnpkg.com/@turf/invariant/-/invariant-6.1.2.tgz#6013ed6219f9ac2edada9b31e1dfa5918eb0a2f7"
  integrity sha512-WU08Ph8j0J2jVGlQCKChXoCtI50BB3yEH21V++V0T4cR1T27HKCxkehV2sYMwTierfMBgjwSwDIsxnR4/2mWXg==
  dependencies:
    "@turf/helpers" "6.x"

"@turf/meta@6.x":
  version "6.0.2"
  resolved "https://registry.yarnpkg.com/@turf/meta/-/meta-6.0.2.tgz#eb92951126d24a613ac1b7b99d733fcc20fd30cf"
  integrity sha512-VA7HJkx7qF1l3+GNGkDVn2oXy4+QoLP6LktXAaZKjuT1JI0YESat7quUkbCMy4zP9lAUuvS4YMslLyTtr919FA==
  dependencies:
    "@turf/helpers" "6.x"

ajv@^6.10.0:
  version "6.10.0"
  resolved "https://registry.yarnpkg.com/ajv/-/ajv-6.10.0.tgz#90d0d54439da587cd7e843bfb7045f50bd22bdf1"
  integrity sha512-nffhOpkymDECQyR0mnsUtoCE8RlX38G0rYP+wgLWFyZuUyuuojSSvi/+euOiQBIn63whYwYVIIH1TvE3tu4OEg==
  dependencies:
    fast-deep-equal "^2.0.1"
    fast-json-stable-stringify "^2.0.0"
    json-schema-traverse "^0.4.1"
    uri-js "^4.2.2"

assert-plus@^1.0.0:
  version "1.0.0"
  resolved "https://registry.yarnpkg.com/assert-plus/-/assert-plus-1.0.0.tgz#f12e0f3c5d77b0b1cdd9146942e4e96c1e4dd525"
  integrity sha1-8S4PPF13sLHN2RRpQuTpbB5N1SU=

bluebird@^3.5.4:
  version "3.5.4"
  resolved "https://registry.yarnpkg.com/bluebird/-/bluebird-3.5.4.tgz#d6cc661595de30d5b3af5fcedd3c0b3ef6ec5714"
  integrity sha512-FG+nFEZChJrbQ9tIccIfZJBz3J7mLrAhxakAbnrJWn8d7aKOC+LWifa0G+p4ZqKp4y13T7juYvdhq9NzKdsrjw==

cidr-regex@^2.0.10:
  version "2.0.10"
  resolved "https://registry.yarnpkg.com/cidr-regex/-/cidr-regex-2.0.10.tgz#af13878bd4ad704de77d6dc800799358b3afa70d"
  integrity sha512-sB3ogMQXWvreNPbJUZMRApxuRYd+KoIo4RGQ81VatjmMW6WJPo+IJZ2846FGItr9VzKo5w7DXzijPLGtSd0N3Q==
  dependencies:
    ip-regex "^2.1.0"

date-fns@^1.30.1:
  version "1.30.1"
  resolved "https://registry.yarnpkg.com/date-fns/-/date-fns-1.30.1.tgz#2e71bf0b119153dbb4cc4e88d9ea5acfb50dc05c"
  integrity sha512-hBSVCvSmWC+QypYObzwGOd9wqdDpOt+0wl0KbU+R+uuZBS1jN8VsD1ss3irQDknRj5NvxiTF6oj/nDRnN/UQNw==

debug@^4.1.1:
  version "4.1.1"
  resolved "https://registry.yarnpkg.com/debug/-/debug-4.1.1.tgz#3b72260255109c6b589cee050f1d516139664791"
  integrity sha512-pYAIzeRo8J6KPEaJ0VWOh5Pzkbw/RetuzehGM7QRRX5he4fPHx2rdKMB256ehJCkX+XRQm16eZLqLNS8RSZXZw==
  dependencies:
    ms "^2.1.1"

elasticsearch-store@^0.6.2:
  version "0.6.2"
  resolved "https://registry.yarnpkg.com/elasticsearch-store/-/elasticsearch-store-0.6.2.tgz#60a161a4c50a66b34656e93348834c4ba4fb8dae"
  integrity sha512-pyvnA9UOduJUSrPI89WWVTf/X0USHvZKGXFe/BQmti6iKvPIw2xPK36CFZkjc2hEzV87cypU3YtkuVUzbCCZVQ==
  dependencies:
    "@terascope/utils" "^0.10.1"
    ajv "^6.10.0"
    nanoid "^2.0.1"
    rambda "^2.4.1"
    xlucene-evaluator "^0.8.0"

fast-deep-equal@^2.0.1:
  version "2.0.1"
  resolved "https://registry.yarnpkg.com/fast-deep-equal/-/fast-deep-equal-2.0.1.tgz#7b05218ddf9667bf7f370bf7fdb2cb15fdd0aa49"
  integrity sha1-ewUhjd+WZ79/Nwv3/bLLFf3Qqkk=

fast-json-stable-stringify@^2.0.0:
  version "2.0.0"
  resolved "https://registry.yarnpkg.com/fast-json-stable-stringify/-/fast-json-stable-stringify-2.0.0.tgz#d5142c0caee6b1189f87d3a76111064f86c8bbf2"
  integrity sha1-1RQsDK7msRifh9OnYREGT4bIu/I=

ip-regex@^2.1.0:
  version "2.1.0"
  resolved "https://registry.yarnpkg.com/ip-regex/-/ip-regex-2.1.0.tgz#fa78bf5d2e6913c911ce9f819ee5146bb6d844e9"
  integrity sha1-+ni/XS5pE8kRzp+BnuUUa7bYROk=

ip6addr@^0.2.2:
  version "0.2.2"
  resolved "https://registry.yarnpkg.com/ip6addr/-/ip6addr-0.2.2.tgz#652ee260170392eebcb2a99232476241dcd50001"
  integrity sha1-ZS7iYBcDku68sqmSMkdiQdzVAAE=
  dependencies:
    assert-plus "^1.0.0"

is-cidr@^3.0.0:
  version "3.0.0"
  resolved "https://registry.yarnpkg.com/is-cidr/-/is-cidr-3.0.0.tgz#1acf35c9e881063cd5f696d48959b30fed3eed56"
  integrity sha512-8Xnnbjsb0x462VoYiGlhEi+drY8SFwrHiSYuzc/CEwco55vkehTaxAyIjEdpi3EMvLPPJAJi9FlzP+h+03gp0Q==
  dependencies:
    cidr-regex "^2.0.10"

is-plain-object@^2.0.4:
  version "2.0.4"
  resolved "https://registry.yarnpkg.com/is-plain-object/-/is-plain-object-2.0.4.tgz#2c163b3fafb1b606d9d17928f05c2a1c38e07677"
  integrity sha512-h5PpgXkWitc38BBMYawTYMWJHFZJVnBquFE57xFpjB8pJFiF6gZ+bU+WyI/yqXiFR5mdLsgYNaPe8uao6Uv9Og==
  dependencies:
    isobject "^3.0.1"

isobject@^3.0.1:
  version "3.0.1"
  resolved "https://registry.yarnpkg.com/isobject/-/isobject-3.0.1.tgz#4e431e92b11a9731636aa1f9c8d1ccbcfdab78df"
  integrity sha1-TkMekrEalzFjaqH5yNHMvP2reN8=

json-schema-traverse@^0.4.1:
  version "0.4.1"
  resolved "https://registry.yarnpkg.com/json-schema-traverse/-/json-schema-traverse-0.4.1.tgz#69f6a87d9513ab8bb8fe63bdb0979c448e684660"
  integrity sha512-xbbCH5dCYU5T8LcEhhuh7HJ88HXuW3qsI3Y0zOZFKfZEHcpWiHU/Jxzk629Brsab/mMiHQti9wMP+845RPe3Vg==

kind-of@^6.0.2:
  version "6.0.2"
  resolved "https://registry.yarnpkg.com/kind-of/-/kind-of-6.0.2.tgz#01146b36a6218e64e58f3a8d66de5d7fc6f6d051"
  integrity sha512-s5kLOcnH0XqDO+FvuaLX8DDjZ18CGFk7VygH40QoKPUQhW4e2rvM0rwUq0t8IQDOwYSeLK01U90OjzBTme2QqA==

latlon-geohash@^1.1.0:
  version "1.1.0"
  resolved "https://registry.yarnpkg.com/latlon-geohash/-/latlon-geohash-1.1.0.tgz#7abe15224c4800e3eaecac71c753a20bfb6cbf65"
  integrity sha1-er4VIkxIAOPq7Kxxx1OiC/tsv2U=

lodash.clonedeep@^4.5.0:
  version "4.5.0"
  resolved "https://registry.yarnpkg.com/lodash.clonedeep/-/lodash.clonedeep-4.5.0.tgz#e23f3f9c4f8fbdde872529c1071857a086e5ccef"
  integrity sha1-4j8/nE+Pvd6HJSnBBxhXoIblzO8=

lodash.get@^4.4.2:
  version "4.4.2"
  resolved "https://registry.yarnpkg.com/lodash.get/-/lodash.get-4.4.2.tgz#2d177f652fa31e939b4438d5341499dfa3825e99"
  integrity sha1-LRd/ZS+jHpObRDjVNBSZ36OCXpk=

lodash.set@^4.3.2:
  version "4.3.2"
  resolved "https://registry.yarnpkg.com/lodash.set/-/lodash.set-4.3.2.tgz#d8757b1da807dde24816b0d6a84bea1a76230b23"
  integrity sha1-2HV7HagH3eJIFrDWqEvqGnYjCyM=

lodash@^4.17.11:
  version "4.17.11"
  resolved "https://registry.yarnpkg.com/lodash/-/lodash-4.17.11.tgz#b39ea6229ef607ecd89e2c8df12536891cac9b8d"
  integrity sha512-cQKh8igo5QUhZ7lg38DYWAxMvjSAKG0A8wGSVimP07SIUEK2UO+arSRKbRZWtelMtN5V0Hkwh5ryOto/SshYIg==

ms@^2.1.1:
  version "2.1.1"
  resolved "https://registry.yarnpkg.com/ms/-/ms-2.1.1.tgz#30a5864eb3ebb0a66f2ebe6d727af06a09d86e0a"
  integrity sha512-tgp+dl5cGk28utYktBsrFqA7HKgrhgPsg6Z/EfhWI4gl1Hwq8B/GmY/0oXZ6nF8hDVesS/FpnYaD/kOWhYQvyg==

nanoid@^2.0.1:
  version "2.0.1"
  resolved "https://registry.yarnpkg.com/nanoid/-/nanoid-2.0.1.tgz#deb55cac196e3f138071911dabbc3726eb048864"
  integrity sha512-k1u2uemjIGsn25zmujKnotgniC/gxQ9sdegdezeDiKdkDW56THUMqlz3urndKCXJxA6yPzSZbXx/QCMe/pxqsA==

passport-local@~1.0.0:
  version "1.0.0"
  resolved "https://registry.yarnpkg.com/passport-local/-/passport-local-1.0.0.tgz#1fe63268c92e75606626437e3b906662c15ba6ee"
  integrity sha1-H+YyaMkudWBmJkN+O5BmYsFbpu4=
  dependencies:
    passport-strategy "1.x.x"

passport-strategy@1.x.x:
  version "1.0.0"
  resolved "https://registry.yarnpkg.com/passport-strategy/-/passport-strategy-1.0.0.tgz#b5539aa8fc225a3d1ad179476ddf236b440f52e4"
  integrity sha1-tVOaqPwiWj0a0XlHbd8ja0QPUuQ=

pegjs-backtrace@^0.1.2:
  version "0.1.2"
  resolved "https://registry.yarnpkg.com/pegjs-backtrace/-/pegjs-backtrace-0.1.2.tgz#e3062e9777da0d9a8580b6ca73e17a69112e77c6"
  integrity sha512-JLlZdt1AU6Jw8iTrhUKZwqSxt0seqGXZUGFId7400Bq6+k2gcT6vWLYGebZ+1y1DN5BIZORISyoA3GpqK6T7aQ==

punycode@^2.1.0:
  version "2.1.1"
  resolved "https://registry.yarnpkg.com/punycode/-/punycode-2.1.1.tgz#b58b010ac40c22c5657616c8d2c2c02c7bf479ec"
  integrity sha512-XRsRjdf+j5ml+y/6GKHPZbrF/8p2Yga0JPtdqTIY2Xe5ohJPD9saDJJLPvp9+NSBprVvevdXZybnj2cv8OEd0A==

rambda@^2.4.1:
  version "2.6.0"
  resolved "https://registry.yarnpkg.com/rambda/-/rambda-2.6.0.tgz#d99f3a924e63e281332b7818a10b2f65126414fb"
  integrity sha512-M4l2FCy37Ksy6sK+QuMFogtMK2ylDMlTYlUomnc/eV/8G0yz7jlAAvMkmcqtX0edZoEG1keeaTjDgQbQ5ROZrg==

uri-js@^4.2.2:
  version "4.2.2"
  resolved "https://registry.yarnpkg.com/uri-js/-/uri-js-4.2.2.tgz#94c540e1ff772956e2299507c010aea6c8838eb0"
  integrity sha512-KY9Frmirql91X2Qgjry0Wd4Y+YTdrdZheS8TFwvkbLWf/G5KNJDCh6pKL5OZctEW4+0Baa5idK2ZQuELRwPznQ==
  dependencies:
    punycode "^2.1.0"

xlucene-evaluator@^0.8.0:
  version "0.8.0"
  resolved "https://registry.yarnpkg.com/xlucene-evaluator/-/xlucene-evaluator-0.8.0.tgz#4448794d75c9a613b18bc89052274604076a63f3"
  integrity sha512-0vcgIucEkXtwLPbvu/RW3bn4A4eu2NYkQsnSYxpFyy+n1fG/sMsao20PLRMnlXy97k0u4w8NQl0D87AK9qHmsA==
  dependencies:
    "@terascope/utils" "^0.10.0"
    "@turf/bbox" "^6.0.1"
    "@turf/bbox-polygon" "^6.0.1"
    "@turf/boolean-point-in-polygon" "^6.0.1"
    "@turf/circle" "^6.0.1"
    "@turf/helpers" "^6.1.4"
    date-fns "^1.30.1"
    ip6addr "^0.2.2"
    is-cidr "^3.0.0"
    latlon-geohash "^1.1.0"
    lodash "^4.17.11"
    pegjs-backtrace "^0.1.2"
    rambda "^2.4.1"
