# THIS IS AN AUTOGENERATED FILE. DO NOT EDIT THIS FILE DIRECTLY.
# yarn lockfile v1


"@terascope/error-parser@^1.0.2":
  version "1.0.2"
  resolved "https://registry.yarnpkg.com/@terascope/error-parser/-/error-parser-1.0.2.tgz#89c44bf9a7c53fcdafaf7d588aa540e52db3f210"
  integrity sha512-ib4B4OV4nxKfcqfD569MgKVOIbcqjU1AC3rXcoMInKJN3RxAfF0Qo1moHHZefNAfjS3Jb24FWk6rx51lomNCYA==
  dependencies:
    lodash.get "^4.4.2"

bluebird@^3.5.1:
  version "3.5.3"
  resolved "https://registry.yarnpkg.com/bluebird/-/bluebird-3.5.3.tgz#7d01c6f9616c9a51ab0f8c549a79dfe6ec33efa7"
  integrity sha512-/qKPUQlaW1OyR51WeCPBvRnAlnZFUJkCSG5HzGnuIqhgyJtF+T94lFnn33eiazjRm2LAHVy2guNnaq48X9SJuw==

lodash.get@^4.4.2:
  version "4.4.2"
  resolved "https://registry.yarnpkg.com/lodash.get/-/lodash.get-4.4.2.tgz#2d177f652fa31e939b4438d5341499dfa3825e99"
  integrity sha1-LRd/ZS+jHpObRDjVNBSZ36OCXpk=

lodash@^4.17.11:
  version "4.17.11"
  resolved "https://registry.yarnpkg.com/lodash/-/lodash-4.17.11.tgz#b39ea6229ef607ecd89e2c8df12536891cac9b8d"
  integrity sha512-cQKh8igo5QUhZ7lg38DYWAxMvjSAKG0A8wGSVimP07SIUEK2UO+arSRKbRZWtelMtN5V0Hkwh5ryOto/SshYIg==

passport-local@~0.1.6:
  version "0.1.6"
  resolved "https://registry.yarnpkg.com/passport-local/-/passport-local-0.1.6.tgz#fb0cf828048db931b67d19985c7aa06dd377a9db"
  integrity sha1-+wz4KASNuTG2fRmYXHqgbdN3qds=
  dependencies:
    passport "~0.1.1"
    pkginfo "0.2.x"

passport@~0.1.1:
  version "0.1.18"
  resolved "https://registry.yarnpkg.com/passport/-/passport-0.1.18.tgz#c8264479dcb6414cadbb66752d12b37e0b6525a1"
  integrity sha1-yCZEedy2QUytu2Z1LRKzfgtlJaE=
  dependencies:
    pause "0.0.1"
    pkginfo "0.2.x"

pause@0.0.1:
  version "0.0.1"
  resolved "https://registry.yarnpkg.com/pause/-/pause-0.0.1.tgz#1d408b3fdb76923b9543d96fb4c9dfd535d9cb5d"
  integrity sha1-HUCLP9t2kjuVQ9lvtMnf1TXZy10=

pkginfo@0.2.x:
  version "0.2.3"
  resolved "https://registry.yarnpkg.com/pkginfo/-/pkginfo-0.2.3.tgz#7239c42a5ef6c30b8f328439d9b9ff71042490f8"
  integrity sha1-cjnEKl72wwuPMoQ52bn/cQQkkPg=
